
Microsoft Visual Studio Solution File, Format Version 12.00
# Visual Studio Version 16
VisualStudioVersion = 16.0.32126.315
MinimumVisualStudioVersion = 10.0.40219.1
Project("{8BC9CEB8-8B4A-11D0-8D11-00A0C91BC942}") = "DataContainers", "DataContainers\DataContainers.vcxproj", "{D314751D-D552-4AD3-8B49-6213FA9F7397}"
EndProject
Project("{8BC9CEB8-8B4A-11D0-8D11-00A0C91BC942}") = "ForwardList", "ForwardList\ForwardList.vcxproj", "{F7CFBF10-99A2-4BB2-B07E-750AB5D38C3F}"
EndProject
Project("{8BC9CEB8-8B4A-11D0-8D11-00A0C91BC942}") = "List2", "List2\List2.vcxproj", "{407602BF-84BE-4AEB-9D5E-8C3256238AD3}"
EndProject
Project("{8BC9CEB8-8B4A-11D0-8D11-00A0C91BC942}") = "BinaryTree", "BinaryTree\BinaryTree.vcxproj", "{29235858-564E-47D9-A497-C2FB506D8058}"
EndProject
Project("{8BC9CEB8-8B4A-11D0-8D11-00A0C91BC942}") = "Recursion", "Recursion\Recursion.vcxproj", "{43205F60-2267-4414-9748-70BBAD36CD97}"
EndProject
Global
	GlobalSection(SolutionConfigurationPlatforms) = preSolution
		Debug|x64 = Debug|x64
		Debug|x86 = Debug|x86
		Release|x64 = Release|x64
		Release|x86 = Release|x86
	EndGlobalSection
	GlobalSection(ProjectConfigurationPlatforms) = postSolution
		{D314751D-D552-4AD3-8B49-6213FA9F7397}.Debug|x64.ActiveCfg = Debug|x64
		{D314751D-D552-4AD3-8B49-6213FA9F7397}.Debug|x64.Build.0 = Debug|x64
		{D314751D-D552-4AD3-8B49-6213FA9F7397}.Debug|x86.ActiveCfg = Debug|Win32
		{D314751D-D552-4AD3-8B49-6213FA9F7397}.Debug|x86.Build.0 = Debug|Win32
		{D314751D-D552-4AD3-8B49-6213FA9F7397}.Release|x64.ActiveCfg = Release|x64
		{D314751D-D552-4AD3-8B49-6213FA9F7397}.Release|x64.Build.0 = Release|x64
		{D314751D-D552-4AD3-8B49-6213FA9F7397}.Release|x86.ActiveCfg = Release|Win32
		{D314751D-D552-4AD3-8B49-6213FA9F7397}.Release|x86.Build.0 = Release|Win32
		{F7CFBF10-99A2-4BB2-B07E-750AB5D38C3F}.Debug|x64.ActiveCfg = Debug|x64
		{F7CFBF10-99A2-4BB2-B07E-750AB5D38C3F}.Debug|x64.Build.0 = Debug|x64
		{F7CFBF10-99A2-4BB2-B07E-750AB5D38C3F}.Debug|x86.ActiveCfg = Debug|Win32
		{F7CFBF10-99A2-4BB2-B07E-750AB5D38C3F}.Debug|x86.Build.0 = Debug|Win32
		{F7CFBF10-99A2-4BB2-B07E-750AB5D38C3F}.Release|x64.ActiveCfg = Release|x64
		{F7CFBF10-99A2-4BB2-B07E-750AB5D38C3F}.Release|x64.Build.0 = Release|x64
		{F7CFBF10-99A2-4BB2-B07E-750AB5D38C3F}.Release|x86.ActiveCfg = Release|Win32
		{F7CFBF10-99A2-4BB2-B07E-750AB5D38C3F}.Release|x86.Build.0 = Release|Win32
		{407602BF-84BE-4AEB-9D5E-8C3256238AD3}.Debug|x64.ActiveCfg = Debug|x64
		{407602BF-84BE-4AEB-9D5E-8C3256238AD3}.Debug|x64.Build.0 = Debug|x64
		{407602BF-84BE-4AEB-9D5E-8C3256238AD3}.Debug|x86.ActiveCfg = Debug|Win32
		{407602BF-84BE-4AEB-9D5E-8C3256238AD3}.Debug|x86.Build.0 = Debug|Win32
		{407602BF-84BE-4AEB-9D5E-8C3256238AD3}.Release|x64.ActiveCfg = Release|x64
		{407602BF-84BE-4AEB-9D5E-8C3256238AD3}.Release|x64.Build.0 = Release|x64
		{407602BF-84BE-4AEB-9D5E-8C3256238AD3}.Release|x86.ActiveCfg = Release|Win32
		{407602BF-84BE-4AEB-9D5E-8C3256238AD3}.Release|x86.Build.0 = Release|Win32
		{29235858-564E-47D9-A497-C2FB506D8058}.Debug|x64.ActiveCfg = Debug|x64
		{29235858-564E-47D9-A497-C2FB506D8058}.Debug|x64.Build.0 = Debug|x64
		{29235858-564E-47D9-A497-C2FB506D8058}.Debug|x86.ActiveCfg = Debug|Win32
		{29235858-564E-47D9-A497-C2FB506D8058}.Debug|x86.Build.0 = Debug|Win32
		{29235858-564E-47D9-A497-C2FB506D8058}.Release|x64.ActiveCfg = Release|x64
		{29235858-564E-47D9-A497-C2FB506D8058}.Release|x64.Build.0 = Release|x64
		{29235858-564E-47D9-A497-C2FB506D8058}.Release|x86.ActiveCfg = Release|Win32
		{29235858-564E-47D9-A497-C2FB506D8058}.Release|x86.Build.0 = Release|Win32
		{43205F60-2267-4414-9748-70BBAD36CD97}.Debug|x64.ActiveCfg = Debug|x64
		{43205F60-2267-4414-9748-70BBAD36CD97}.Debug|x64.Build.0 = Debug|x64
		{43205F60-2267-4414-9748-70BBAD36CD97}.Debug|x86.ActiveCfg = Debug|Win32
		{43205F60-2267-4414-9748-70BBAD36CD97}.Debug|x86.Build.0 = Debug|Win32
		{43205F60-2267-4414-9748-70BBAD36CD97}.Release|x64.ActiveCfg = Release|x64
		{43205F60-2267-4414-9748-70BBAD36CD97}.Release|x64.Build.0 = Release|x64
		{43205F60-2267-4414-9748-70BBAD36CD97}.Release|x86.ActiveCfg = Release|Win32
		{43205F60-2267-4414-9748-70BBAD36CD97}.Release|x86.Build.0 = Release|Win32
	EndGlobalSection
	GlobalSection(SolutionProperties) = preSolution
		HideSolutionNode = FALSE
	EndGlobalSection
	GlobalSection(ExtensibilityGlobals) = postSolution
		SolutionGuid = {7DDE7475-ED79-4EBB-B450-A8DE275139B5}
	EndGlobalSection
EndGlobal
